
Microsoft Visual Studio Solution File, Format Version 12.00
# Visual Studio Version 16
VisualStudioVersion = 16.0.29215.179
MinimumVisualStudioVersion = 10.0.40219.1
Project("{9A19103F-16F7-4668-BE54-9A1E7A4F7556}") = "ReefSurvey", "ReefSurvey.csproj", "{DDAC27FF-0A88-4253-86AC-8C7409A7FBDB}"
EndProject
Project("{FAE04EC0-301F-11D3-BF4B-00C04F79EFBC}") = "ReefSurvey.Model", "..\ReefSurvey.Model\ReefSurvey.Model.csproj", "{08CFC0DE-0704-4262-A99A-CA3570EB84C1}"
EndProject
Global
	GlobalSection(SolutionConfigurationPlatforms) = preSolution
		Debug|Any CPU = Debug|Any CPU
		Release|Any CPU = Release|Any CPU
	EndGlobalSection
	GlobalSection(ProjectConfigurationPlatforms) = postSolution
		{DDAC27FF-0A88-4253-86AC-8C7409A7FBDB}.Debug|Any CPU.ActiveCfg = Debug|Any CPU
		{DDAC27FF-0A88-4253-86AC-8C7409A7FBDB}.Debug|Any CPU.Build.0 = Debug|Any CPU
		{DDAC27FF-0A88-4253-86AC-8C7409A7FBDB}.Release|Any CPU.ActiveCfg = Release|Any CPU
		{DDAC27FF-0A88-4253-86AC-8C7409A7FBDB}.Release|Any CPU.Build.0 = Release|Any CPU
		{08CFC0DE-0704-4262-A99A-CA3570EB84C1}.Debug|Any CPU.ActiveCfg = Debug|Any CPU
		{08CFC0DE-0704-4262-A99A-CA3570EB84C1}.Debug|Any CPU.Build.0 = Debug|Any CPU
		{08CFC0DE-0704-4262-A99A-CA3570EB84C1}.Release|Any CPU.ActiveCfg = Release|Any CPU
		{08CFC0DE-0704-4262-A99A-CA3570EB84C1}.Release|Any CPU.Build.0 = Release|Any CPU
	EndGlobalSection
	GlobalSection(SolutionProperties) = preSolution
		HideSolutionNode = FALSE
	EndGlobalSection
	GlobalSection(ExtensibilityGlobals) = postSolution
		SolutionGuid = {D94F94E1-77A8-4D68-BD63-83A96E39C50C}
	EndGlobalSection
EndGlobal
